
Microsoft Visual Studio Solution File, Format Version 12.00
# Visual Studio Version 16
VisualStudioVersion = 16.0.30804.86
MinimumVisualStudioVersion = 10.0.40219.1
Project("{FAE04EC0-301F-11D3-BF4B-00C04F79EFBC}") = "Moneysupermarket", "Moneysupermarket\Moneysupermarket.csproj", "{6F9A8AE7-8A72-4392-B504-D6A6162B672C}"
EndProject
Project("{FAE04EC0-301F-11D3-BF4B-00C04F79EFBC}") = "Moneysupermarket.Tests", "Moneysupermarket.Tests\Moneysupermarket.Tests.csproj", "{A8D73B8B-8356-418D-868C-828E60BE40B8}"
EndProject
Global
	GlobalSection(SolutionConfigurationPlatforms) = preSolution
		Debug|Any CPU = Debug|Any CPU
		Release|Any CPU = Release|Any CPU
	EndGlobalSection
	GlobalSection(ProjectConfigurationPlatforms) = postSolution
		{6F9A8AE7-8A72-4392-B504-D6A6162B672C}.Debug|Any CPU.ActiveCfg = Debug|Any CPU
		{6F9A8AE7-8A72-4392-B504-D6A6162B672C}.Debug|Any CPU.Build.0 = Debug|Any CPU
		{6F9A8AE7-8A72-4392-B504-D6A6162B672C}.Release|Any CPU.ActiveCfg = Release|Any CPU
		{6F9A8AE7-8A72-4392-B504-D6A6162B672C}.Release|Any CPU.Build.0 = Release|Any CPU
		{A8D73B8B-8356-418D-868C-828E60BE40B8}.Debug|Any CPU.ActiveCfg = Debug|Any CPU
		{A8D73B8B-8356-418D-868C-828E60BE40B8}.Debug|Any CPU.Build.0 = Debug|Any CPU
		{A8D73B8B-8356-418D-868C-828E60BE40B8}.Release|Any CPU.ActiveCfg = Release|Any CPU
		{A8D73B8B-8356-418D-868C-828E60BE40B8}.Release|Any CPU.Build.0 = Release|Any CPU
	EndGlobalSection
	GlobalSection(SolutionProperties) = preSolution
		HideSolutionNode = FALSE
	EndGlobalSection
	GlobalSection(ExtensibilityGlobals) = postSolution
		SolutionGuid = {D0AF8869-1150-416B-8490-E835E9C4BC56}
	EndGlobalSection
EndGlobal
